
Microsoft Visual Studio Solution File, Format Version 12.00
# Visual Studio Version 17
VisualStudioVersion = 17.10.35013.160
MinimumVisualStudioVersion = 10.0.40219.1
Project("{FAE04EC0-301F-11D3-BF4B-00C04F79EFBC}") = "ReduceCodeRedundancy", "ReduceCodeRedundancy\ReduceCodeRedundancy.csproj", "{1732C7C4-F9FB-410B-A733-4E069B49974B}"
EndProject
Global
	GlobalSection(SolutionConfigurationPlatforms) = preSolution
		Debug|Any CPU = Debug|Any CPU
		Release|Any CPU = Release|Any CPU
	EndGlobalSection
	GlobalSection(ProjectConfigurationPlatforms) = postSolution
		{1732C7C4-F9FB-410B-A733-4E069B49974B}.Debug|Any CPU.ActiveCfg = Debug|Any CPU
		{1732C7C4-F9FB-410B-A733-4E069B49974B}.Debug|Any CPU.Build.0 = Debug|Any CPU
		{1732C7C4-F9FB-410B-A733-4E069B49974B}.Release|Any CPU.ActiveCfg = Release|Any CPU
		{1732C7C4-F9FB-410B-A733-4E069B49974B}.Release|Any CPU.Build.0 = Release|Any CPU
	EndGlobalSection
	GlobalSection(SolutionProperties) = preSolution
		HideSolutionNode = FALSE
	EndGlobalSection
	GlobalSection(ExtensibilityGlobals) = postSolution
		SolutionGuid = {9BB5FEDC-A562-4F0E-9091-69983F9E90F8}
	EndGlobalSection
EndGlobal
